{
  "name": "middleman",
  "version": "0.2.0",
  "dependencies": {
    "async": {
      "version": "0.2.9",
      "from": "async@>= 0.2.9"
    },
    "stdio": {
      "version": "0.1.2",
      "from": "stdio@>= 0.1.2"
    },
    "request": {
      "version": "2.27.0",
      "from": "request@>= 2.22.0",
      "dependencies": {
        "qs": {
          "version": "0.6.5",
          "from": "qs@~0.6.0"
        },
        "json-stringify-safe": {
          "version": "5.0.0",
          "from": "json-stringify-safe@~5.0.0"
        },
        "forever-agent": {
          "version": "0.5.0",
          "from": "forever-agent@~0.5.0"
        },
        "tunnel-agent": {
          "version": "0.3.0",
          "from": "tunnel-agent@~0.3.0"
        },
        "http-signature": {
          "version": "0.10.0",
          "from": "http-signature@~0.10.0",
          "dependencies": {
            "assert-plus": {
              "version": "0.1.2",
              "from": "assert-plus@0.1.2"
            },
            "asn1": {
              "version": "0.1.11",
              "from": "asn1@0.1.11"
            },
            "ctype": {
              "version": "0.5.2",
              "from": "ctype@0.5.2"
            }
          }
        },
        "hawk": {
          "version": "1.0.0",
          "from": "hawk@~1.0.0",
          "dependencies": {
            "hoek": {
              "version": "0.9.1",
              "from": "hoek@0.9.x"
            },
            "boom": {
              "version": "0.4.2",
              "from": "boom@0.4.x"
            },
            "cryptiles": {
              "version": "0.2.2",
              "from": "cryptiles@0.2.x"
            },
            "sntp": {
              "version": "0.2.4",
              "from": "sntp@0.2.x"
            }
          }
        },
        "aws-sign": {
          "version": "0.3.0",
          "from": "aws-sign@~0.3.0"
        },
        "oauth-sign": {
          "version": "0.3.0",
          "from": "oauth-sign@~0.3.0"
        },
        "cookie-jar": {
          "version": "0.3.0",
          "from": "cookie-jar@~0.3.0"
        },
        "node-uuid": {
          "version": "1.4.1",
          "from": "node-uuid@~1.4.0"
        },
        "mime": {
          "version": "1.2.11",
          "from": "mime@~1.2.9"
        },
        "form-data": {
          "version": "0.1.2",
          "from": "form-data@~0.1.0",
          "dependencies": {
            "combined-stream": {
              "version": "0.0.4",
              "from": "combined-stream@~0.0.4",
              "dependencies": {
                "delayed-stream": {
                  "version": "0.0.5",
                  "from": "delayed-stream@0.0.5"
                }
              }
            }
          }
        }
      }
    },
    "btn-api": {
      "version": "0.1.0",
      "from": "btn-api@>= 0.1.0"
    },
    "forever-monitor": {
      "version": "1.2.3",
      "from": "forever-monitor@>= 1.2.2",
      "dependencies": {
        "broadway": {
          "version": "0.2.7",
          "from": "broadway@0.2.x",
          "dependencies": {
            "cliff": {
              "version": "0.1.8",
              "from": "cliff@0.1.8",
              "dependencies": {
                "colors": {
                  "version": "0.6.2",
                  "from": "colors@0.x.x"
                },
                "eyes": {
                  "version": "0.1.8",
                  "from": "eyes@0.1.x"
                }
              }
            },
            "eventemitter2": {
              "version": "0.4.11",
              "from": "eventemitter2@0.4.11"
            },
            "nconf": {
              "version": "0.6.7",
              "from": "nconf@0.6.7",
              "dependencies": {
                "async": {
                  "version": "0.1.22",
                  "from": "async@0.1.x"
                },
                "ini": {
                  "version": "1.1.0",
                  "from": "ini@1.x.x"
                },
                "optimist": {
                  "version": "0.3.7",
                  "from": "optimist@0.3.x",
                  "dependencies": {
                    "wordwrap": {
                      "version": "0.0.2",
                      "from": "wordwrap@~0.0.2"
                    }
                  }
                },
                "pkginfo": {
                  "version": "0.2.3",
                  "from": "pkginfo@0.2.x"
                }
              }
            },
            "winston": {
              "version": "0.6.2",
              "from": "winston@0.6.2",
              "dependencies": {
                "async": {
                  "version": "0.1.22",
                  "from": "async@0.1.x"
                },
                "colors": {
                  "version": "0.6.2",
                  "from": "colors@0.x.x"
                },
                "cycle": {
                  "version": "1.0.2",
                  "from": "cycle@1.0.x"
                },
                "eyes": {
                  "version": "0.1.8",
                  "from": "eyes@0.1.x"
                },
                "pkginfo": {
                  "version": "0.2.3",
                  "from": "pkginfo@0.2.x"
                },
                "request": {
                  "version": "2.9.203",
                  "from": "request@2.9.x"
                },
                "stack-trace": {
                  "version": "0.0.7",
                  "from": "stack-trace@0.0.x"
                }
              }
            }
          }
        },
        "minimatch": {
          "version": "0.2.12",
          "from": "minimatch@0.2.x",
          "dependencies": {
            "lru-cache": {
              "version": "2.3.1",
              "from": "lru-cache@2"
            },
            "sigmund": {
              "version": "1.0.0",
              "from": "sigmund@~1.0.0"
            }
          }
        },
        "pkginfo": {
          "version": "0.3.0",
          "from": "pkginfo@0.x.x"
        },
        "ps-tree": {
          "version": "0.0.3",
          "from": "ps-tree@0.0.x",
          "dependencies": {
            "event-stream": {
              "version": "0.5.3",
              "from": "event-stream@~0.5",
              "dependencies": {
                "optimist": {
                  "version": "0.2.8",
                  "from": "optimist@0.2",
                  "dependencies": {
                    "wordwrap": {
                      "version": "0.0.2",
                      "from": "wordwrap@>=0.0.1 <0.1.0"
                    }
                  }
                }
              }
            }
          }
        },
        "watch": {
          "version": "0.5.1",
          "from": "watch@0.5.x"
        },
        "utile": {
          "version": "0.1.7",
          "from": "utile@0.1.x",
          "dependencies": {
            "async": {
              "version": "0.1.22",
              "from": "async@0.1.x"
            },
            "deep-equal": {
              "version": "0.1.0",
              "from": "deep-equal@*"
            },
            "i": {
              "version": "0.3.2",
              "from": "i@0.3.x"
            },
            "mkdirp": {
              "version": "0.3.5",
              "from": "mkdirp@0.x.x"
            },
            "ncp": {
              "version": "0.2.7",
              "from": "ncp@0.2.x"
            },
            "rimraf": {
              "version": "1.0.9",
              "from": "rimraf@1.x.x"
            }
          }
        }
      }
    }
  }
}
